
Microsoft Visual Studio Solution File, Format Version 12.00
# Visual Studio Version 17
VisualStudioVersion = 17.9.34728.123
MinimumVisualStudioVersion = 10.0.40219.1
Project("{8BC9CEB8-8B4A-11D0-8D11-00A0C91BC942}") = "Program", "Program.vcxproj", "{69378644-A4A8-4A13-9135-03165FB6D254}"
EndProject
Project("{8BC9CEB8-8B4A-11D0-8D11-00A0C91BC942}") = "Class1th (Compile)", "..\Class1th (Compile)\Class1th (Compile).vcxproj", "{A1269D5A-8BB1-49DA-9131-B7D075644A0A}"
EndProject
Project("{8BC9CEB8-8B4A-11D0-8D11-00A0C91BC942}") = "Class3th (Bit)", "..\Class3th (Bit)\Class3th (Bit).vcxproj", "{8EDC31DA-FE83-4D97-9161-4C69DE01A00A}"
EndProject
Project("{8BC9CEB8-8B4A-11D0-8D11-00A0C91BC942}") = "Class2th (variable)", "..\Class2th (varialble)\Class2th (varialble).vcxproj", "{ED9D7F0F-EDF5-4392-91F0-2A49C80BF0D8}"
EndProject
Project("{8BC9CEB8-8B4A-11D0-8D11-00A0C91BC942}") = "Class4th (Overflow & Underflow)", "..\Class4th (Overflow & Underflow)\Class4th (Overflow & Underflow).vcxproj", "{47976119-E7E4-4BEB-BDF1-E7648FBE0533}"
EndProject
Project("{8BC9CEB8-8B4A-11D0-8D11-00A0C91BC942}") = "Class5th (Conditional Statement)", "..\Class5th (Conditional Statement)\Class5th (Conditional Statement).vcxproj", "{EDBDE68B-4695-4A68-B696-27511018F99B}"
EndProject
Project("{8BC9CEB8-8B4A-11D0-8D11-00A0C91BC942}") = "Class6th (Type conversion)", "..\Class6th (Type conversion)\Class6th (Type conversion).vcxproj", "{BA7958D4-81E7-430B-A030-B515AC1E1651}"
EndProject
Project("{8BC9CEB8-8B4A-11D0-8D11-00A0C91BC942}") = "Class7th (Iteration Statement)", "..\Class7th (Iteration Statement)\Class7th (Iteration Statement).vcxproj", "{E43E0233-356E-49A2-B6F0-5DA691E28F13}"
EndProject
Global
	GlobalSection(SolutionConfigurationPlatforms) = preSolution
		Debug|x64 = Debug|x64
		Debug|x86 = Debug|x86
		Release|x64 = Release|x64
		Release|x86 = Release|x86
	EndGlobalSection
	GlobalSection(ProjectConfigurationPlatforms) = postSolution
		{69378644-A4A8-4A13-9135-03165FB6D254}.Debug|x64.ActiveCfg = Debug|x64
		{69378644-A4A8-4A13-9135-03165FB6D254}.Debug|x64.Build.0 = Debug|x64
		{69378644-A4A8-4A13-9135-03165FB6D254}.Debug|x86.ActiveCfg = Debug|Win32
		{69378644-A4A8-4A13-9135-03165FB6D254}.Debug|x86.Build.0 = Debug|Win32
		{69378644-A4A8-4A13-9135-03165FB6D254}.Release|x64.ActiveCfg = Release|x64
		{69378644-A4A8-4A13-9135-03165FB6D254}.Release|x64.Build.0 = Release|x64
		{69378644-A4A8-4A13-9135-03165FB6D254}.Release|x86.ActiveCfg = Release|Win32
		{69378644-A4A8-4A13-9135-03165FB6D254}.Release|x86.Build.0 = Release|Win32
		{A1269D5A-8BB1-49DA-9131-B7D075644A0A}.Debug|x64.ActiveCfg = Debug|x64
		{A1269D5A-8BB1-49DA-9131-B7D075644A0A}.Debug|x64.Build.0 = Debug|x64
		{A1269D5A-8BB1-49DA-9131-B7D075644A0A}.Debug|x86.ActiveCfg = Debug|Win32
		{A1269D5A-8BB1-49DA-9131-B7D075644A0A}.Debug|x86.Build.0 = Debug|Win32
		{A1269D5A-8BB1-49DA-9131-B7D075644A0A}.Release|x64.ActiveCfg = Release|x64
		{A1269D5A-8BB1-49DA-9131-B7D075644A0A}.Release|x64.Build.0 = Release|x64
		{A1269D5A-8BB1-49DA-9131-B7D075644A0A}.Release|x86.ActiveCfg = Release|Win32
		{A1269D5A-8BB1-49DA-9131-B7D075644A0A}.Release|x86.Build.0 = Release|Win32
		{8EDC31DA-FE83-4D97-9161-4C69DE01A00A}.Debug|x64.ActiveCfg = Debug|x64
		{8EDC31DA-FE83-4D97-9161-4C69DE01A00A}.Debug|x64.Build.0 = Debug|x64
		{8EDC31DA-FE83-4D97-9161-4C69DE01A00A}.Debug|x86.ActiveCfg = Debug|Win32
		{8EDC31DA-FE83-4D97-9161-4C69DE01A00A}.Debug|x86.Build.0 = Debug|Win32
		{8EDC31DA-FE83-4D97-9161-4C69DE01A00A}.Release|x64.ActiveCfg = Release|x64
		{8EDC31DA-FE83-4D97-9161-4C69DE01A00A}.Release|x64.Build.0 = Release|x64
		{8EDC31DA-FE83-4D97-9161-4C69DE01A00A}.Release|x86.ActiveCfg = Release|Win32
		{8EDC31DA-FE83-4D97-9161-4C69DE01A00A}.Release|x86.Build.0 = Release|Win32
		{ED9D7F0F-EDF5-4392-91F0-2A49C80BF0D8}.Debug|x64.ActiveCfg = Debug|x64
		{ED9D7F0F-EDF5-4392-91F0-2A49C80BF0D8}.Debug|x64.Build.0 = Debug|x64
		{ED9D7F0F-EDF5-4392-91F0-2A49C80BF0D8}.Debug|x86.ActiveCfg = Debug|Win32
		{ED9D7F0F-EDF5-4392-91F0-2A49C80BF0D8}.Debug|x86.Build.0 = Debug|Win32
		{ED9D7F0F-EDF5-4392-91F0-2A49C80BF0D8}.Release|x64.ActiveCfg = Release|x64
		{ED9D7F0F-EDF5-4392-91F0-2A49C80BF0D8}.Release|x64.Build.0 = Release|x64
		{ED9D7F0F-EDF5-4392-91F0-2A49C80BF0D8}.Release|x86.ActiveCfg = Release|Win32
		{ED9D7F0F-EDF5-4392-91F0-2A49C80BF0D8}.Release|x86.Build.0 = Release|Win32
		{47976119-E7E4-4BEB-BDF1-E7648FBE0533}.Debug|x64.ActiveCfg = Debug|x64
		{47976119-E7E4-4BEB-BDF1-E7648FBE0533}.Debug|x64.Build.0 = Debug|x64
		{47976119-E7E4-4BEB-BDF1-E7648FBE0533}.Debug|x86.ActiveCfg = Debug|Win32
		{47976119-E7E4-4BEB-BDF1-E7648FBE0533}.Debug|x86.Build.0 = Debug|Win32
		{47976119-E7E4-4BEB-BDF1-E7648FBE0533}.Release|x64.ActiveCfg = Release|x64
		{47976119-E7E4-4BEB-BDF1-E7648FBE0533}.Release|x64.Build.0 = Release|x64
		{47976119-E7E4-4BEB-BDF1-E7648FBE0533}.Release|x86.ActiveCfg = Release|Win32
		{47976119-E7E4-4BEB-BDF1-E7648FBE0533}.Release|x86.Build.0 = Release|Win32
		{EDBDE68B-4695-4A68-B696-27511018F99B}.Debug|x64.ActiveCfg = Debug|x64
		{EDBDE68B-4695-4A68-B696-27511018F99B}.Debug|x64.Build.0 = Debug|x64
		{EDBDE68B-4695-4A68-B696-27511018F99B}.Debug|x86.ActiveCfg = Debug|Win32
		{EDBDE68B-4695-4A68-B696-27511018F99B}.Debug|x86.Build.0 = Debug|Win32
		{EDBDE68B-4695-4A68-B696-27511018F99B}.Release|x64.ActiveCfg = Release|x64
		{EDBDE68B-4695-4A68-B696-27511018F99B}.Release|x64.Build.0 = Release|x64
		{EDBDE68B-4695-4A68-B696-27511018F99B}.Release|x86.ActiveCfg = Release|Win32
		{EDBDE68B-4695-4A68-B696-27511018F99B}.Release|x86.Build.0 = Release|Win32
		{BA7958D4-81E7-430B-A030-B515AC1E1651}.Debug|x64.ActiveCfg = Debug|x64
		{BA7958D4-81E7-430B-A030-B515AC1E1651}.Debug|x64.Build.0 = Debug|x64
		{BA7958D4-81E7-430B-A030-B515AC1E1651}.Debug|x86.ActiveCfg = Debug|Win32
		{BA7958D4-81E7-430B-A030-B515AC1E1651}.Debug|x86.Build.0 = Debug|Win32
		{BA7958D4-81E7-430B-A030-B515AC1E1651}.Release|x64.ActiveCfg = Release|x64
		{BA7958D4-81E7-430B-A030-B515AC1E1651}.Release|x64.Build.0 = Release|x64
		{BA7958D4-81E7-430B-A030-B515AC1E1651}.Release|x86.ActiveCfg = Release|Win32
		{BA7958D4-81E7-430B-A030-B515AC1E1651}.Release|x86.Build.0 = Release|Win32
		{E43E0233-356E-49A2-B6F0-5DA691E28F13}.Debug|x64.ActiveCfg = Debug|x64
		{E43E0233-356E-49A2-B6F0-5DA691E28F13}.Debug|x64.Build.0 = Debug|x64
		{E43E0233-356E-49A2-B6F0-5DA691E28F13}.Debug|x86.ActiveCfg = Debug|Win32
		{E43E0233-356E-49A2-B6F0-5DA691E28F13}.Debug|x86.Build.0 = Debug|Win32
		{E43E0233-356E-49A2-B6F0-5DA691E28F13}.Release|x64.ActiveCfg = Release|x64
		{E43E0233-356E-49A2-B6F0-5DA691E28F13}.Release|x64.Build.0 = Release|x64
		{E43E0233-356E-49A2-B6F0-5DA691E28F13}.Release|x86.ActiveCfg = Release|Win32
		{E43E0233-356E-49A2-B6F0-5DA691E28F13}.Release|x86.Build.0 = Release|Win32
	EndGlobalSection
	GlobalSection(SolutionProperties) = preSolution
		HideSolutionNode = FALSE
	EndGlobalSection
	GlobalSection(ExtensibilityGlobals) = postSolution
		SolutionGuid = {6565E107-E8EA-4FD7-B9CE-5F64B4355D12}
	EndGlobalSection
EndGlobal
